
Microsoft Visual Studio Solution File, Format Version 12.00
# Visual Studio Version 16
VisualStudioVersion = 16.0.33529.622
MinimumVisualStudioVersion = 10.0.40219.1
Project("{FAE04EC0-301F-11D3-BF4B-00C04F79EFBC}") = "URLFileDownloader", "URLFileDownloader\URLFileDownloader.csproj", "{1976D608-972F-4BFD-8C8C-ACE12358C98F}"
EndProject
Global
	GlobalSection(SolutionConfigurationPlatforms) = preSolution
		Debug|Any CPU = Debug|Any CPU
		Release|Any CPU = Release|Any CPU
	EndGlobalSection
	GlobalSection(ProjectConfigurationPlatforms) = postSolution
		{1976D608-972F-4BFD-8C8C-ACE12358C98F}.Debug|Any CPU.ActiveCfg = Debug|Any CPU
		{1976D608-972F-4BFD-8C8C-ACE12358C98F}.Debug|Any CPU.Build.0 = Debug|Any CPU
		{1976D608-972F-4BFD-8C8C-ACE12358C98F}.Release|Any CPU.ActiveCfg = Release|Any CPU
		{1976D608-972F-4BFD-8C8C-ACE12358C98F}.Release|Any CPU.Build.0 = Release|Any CPU
	EndGlobalSection
	GlobalSection(SolutionProperties) = preSolution
		HideSolutionNode = FALSE
	EndGlobalSection
	GlobalSection(ExtensibilityGlobals) = postSolution
		SolutionGuid = {AD63D3ED-1670-41DD-8AB0-226DC3D73FD9}
	EndGlobalSection
EndGlobal
