
Microsoft Visual Studio Solution File, Format Version 12.00
# Visual Studio Version 17
VisualStudioVersion = 17.4.33213.308
MinimumVisualStudioVersion = 10.0.40219.1
Project("{FAE04EC0-301F-11D3-BF4B-00C04F79EFBC}") = "URLFileDownloader", "URLFileDownloader\URLFileDownloader.csproj", "{69055CAC-857A-4E4A-9E6A-0D17D91063C9}"
EndProject
Global
	GlobalSection(SolutionConfigurationPlatforms) = preSolution
		Debug|Any CPU = Debug|Any CPU
		Release|Any CPU = Release|Any CPU
	EndGlobalSection
	GlobalSection(ProjectConfigurationPlatforms) = postSolution
		{69055CAC-857A-4E4A-9E6A-0D17D91063C9}.Debug|Any CPU.ActiveCfg = Debug|Any CPU
		{69055CAC-857A-4E4A-9E6A-0D17D91063C9}.Debug|Any CPU.Build.0 = Debug|Any CPU
		{69055CAC-857A-4E4A-9E6A-0D17D91063C9}.Release|Any CPU.ActiveCfg = Release|Any CPU
		{69055CAC-857A-4E4A-9E6A-0D17D91063C9}.Release|Any CPU.Build.0 = Release|Any CPU
	EndGlobalSection
	GlobalSection(SolutionProperties) = preSolution
		HideSolutionNode = FALSE
	EndGlobalSection
	GlobalSection(ExtensibilityGlobals) = postSolution
		SolutionGuid = {F247E069-B907-47CB-BEB9-BAD318FF8BBE}
	EndGlobalSection
EndGlobal
